// !$*UTF8*$!
{
	archiveVersion = 1;
	classes = {
	};
	objectVersion = 50;
	objects = {

/* Begin PBXBuildFile section */
		325DF2F924FBC91E0010C6B2 /* NoCityView.swift in Sources */ = {isa = PBXBuildFile; fileRef = 325DF2F824FBC91E0010C6B2 /* NoCityView.swift */; };
		325DF2FB24FBC94D0010C6B2 /* NoCityView.xib in Resources */ = {isa = PBXBuildFile; fileRef = 325DF2FA24FBC94D0010C6B2 /* NoCityView.xib */; };
		325DF30024FD05E90010C6B2 /* ConfigViewController.swift in Sources */ = {isa = PBXBuildFile; fileRef = 325DF2FF24FD05E90010C6B2 /* ConfigViewController.swift */; };
		327804DE24F9153900594DA8 /* WeatherNetworkerDelegate.swift in Sources */ = {isa = PBXBuildFile; fileRef = 327804DD24F9153900594DA8 /* WeatherNetworkerDelegate.swift */; };
		327804E124F926AA00594DA8 /* OWMWeather.swift in Sources */ = {isa = PBXBuildFile; fileRef = 327804E024F926AA00594DA8 /* OWMWeather.swift */; };
		327804E524FA755500594DA8 /* WeatherNetworker.swift in Sources */ = {isa = PBXBuildFile; fileRef = 327804E424FA755500594DA8 /* WeatherNetworker.swift */; };
		327804E824FAB28000594DA8 /* WeatherView.xib in Resources */ = {isa = PBXBuildFile; fileRef = 327804E724FAB28000594DA8 /* WeatherView.xib */; };
		327804EA24FAB37400594DA8 /* WeatherView.swift in Sources */ = {isa = PBXBuildFile; fileRef = 327804E924FAB37400594DA8 /* WeatherView.swift */; };
		32A2178A24FD0E05007D3DA7 /* CityTableViewCell.swift in Sources */ = {isa = PBXBuildFile; fileRef = 32A2178924FD0E05007D3DA7 /* CityTableViewCell.swift */; };
		32A2178C24FD0E17007D3DA7 /* CityTableViewCell.xib in Resources */ = {isa = PBXBuildFile; fileRef = 32A2178B24FD0E17007D3DA7 /* CityTableViewCell.xib */; };
		32A2179024FD1439007D3DA7 /* Weather.swift in Sources */ = {isa = PBXBuildFile; fileRef = 32A2178F24FD1439007D3DA7 /* Weather.swift */; };
		32A2179224FD1BA8007D3DA7 /* WeatherList.swift in Sources */ = {isa = PBXBuildFile; fileRef = 32A2179124FD1BA8007D3DA7 /* WeatherList.swift */; };
		32A2179924FE7BA0007D3DA7 /* AddCityViewController.swift in Sources */ = {isa = PBXBuildFile; fileRef = 32A2179824FE7BA0007D3DA7 /* AddCityViewController.swift */; };
		32D3D28624F7C8E3001BC248 /* AppDelegate.swift in Sources */ = {isa = PBXBuildFile; fileRef = 32D3D28524F7C8E3001BC248 /* AppDelegate.swift */; };
		32D3D28824F7C8E3001BC248 /* SceneDelegate.swift in Sources */ = {isa = PBXBuildFile; fileRef = 32D3D28724F7C8E3001BC248 /* SceneDelegate.swift */; };
		32D3D28A24F7C8E3001BC248 /* FirstViewController.swift in Sources */ = {isa = PBXBuildFile; fileRef = 32D3D28924F7C8E3001BC248 /* FirstViewController.swift */; };
		32D3D28D24F7C8E3001BC248 /* Main.storyboard in Resources */ = {isa = PBXBuildFile; fileRef = 32D3D28B24F7C8E3001BC248 /* Main.storyboard */; };
		32D3D28F24F7C8E6001BC248 /* Assets.xcassets in Resources */ = {isa = PBXBuildFile; fileRef = 32D3D28E24F7C8E6001BC248 /* Assets.xcassets */; };
		32D3D29224F7C8E6001BC248 /* LaunchScreen.storyboard in Resources */ = {isa = PBXBuildFile; fileRef = 32D3D29024F7C8E6001BC248 /* LaunchScreen.storyboard */; };
		32D3D29A24F7D887001BC248 /* OpenWeatherMapRequestCreator.swift in Sources */ = {isa = PBXBuildFile; fileRef = 32D3D29924F7D887001BC248 /* OpenWeatherMapRequestCreator.swift */; };
		32D3D29C24F7F840001BC248 /* OpenWeatherMap.swift in Sources */ = {isa = PBXBuildFile; fileRef = 32D3D29B24F7F840001BC248 /* OpenWeatherMap.swift */; };
		32D3D2A024F7F99B001BC248 /* WeatherProvider.swift in Sources */ = {isa = PBXBuildFile; fileRef = 32D3D29F24F7F99B001BC248 /* WeatherProvider.swift */; };
/* End PBXBuildFile section */

/* Begin PBXFileReference section */
		325DF2F824FBC91E0010C6B2 /* NoCityView.swift */ = {isa = PBXFileReference; lastKnownFileType = sourcecode.swift; path = NoCityView.swift; sourceTree = "<group>"; };
		325DF2FA24FBC94D0010C6B2 /* NoCityView.xib */ = {isa = PBXFileReference; lastKnownFileType = file.xib; path = NoCityView.xib; sourceTree = "<group>"; };
		325DF2FF24FD05E90010C6B2 /* ConfigViewController.swift */ = {isa = PBXFileReference; lastKnownFileType = sourcecode.swift; path = ConfigViewController.swift; sourceTree = "<group>"; };
		327804DD24F9153900594DA8 /* WeatherNetworkerDelegate.swift */ = {isa = PBXFileReference; lastKnownFileType = sourcecode.swift; path = WeatherNetworkerDelegate.swift; sourceTree = "<group>"; };
		327804E024F926AA00594DA8 /* OWMWeather.swift */ = {isa = PBXFileReference; lastKnownFileType = sourcecode.swift; path = OWMWeather.swift; sourceTree = "<group>"; };
		327804E424FA755500594DA8 /* WeatherNetworker.swift */ = {isa = PBXFileReference; lastKnownFileType = sourcecode.swift; path = WeatherNetworker.swift; sourceTree = "<group>"; };
		327804E724FAB28000594DA8 /* WeatherView.xib */ = {isa = PBXFileReference; lastKnownFileType = file.xib; path = WeatherView.xib; sourceTree = "<group>"; };
		327804E924FAB37400594DA8 /* WeatherView.swift */ = {isa = PBXFileReference; lastKnownFileType = sourcecode.swift; path = WeatherView.swift; sourceTree = "<group>"; };
		32A2178924FD0E05007D3DA7 /* CityTableViewCell.swift */ = {isa = PBXFileReference; lastKnownFileType = sourcecode.swift; path = CityTableViewCell.swift; sourceTree = "<group>"; };
		32A2178B24FD0E17007D3DA7 /* CityTableViewCell.xib */ = {isa = PBXFileReference; lastKnownFileType = file.xib; path = CityTableViewCell.xib; sourceTree = "<group>"; };
		32A2178F24FD1439007D3DA7 /* Weather.swift */ = {isa = PBXFileReference; lastKnownFileType = sourcecode.swift; path = Weather.swift; sourceTree = "<group>"; };
		32A2179124FD1BA8007D3DA7 /* WeatherList.swift */ = {isa = PBXFileReference; lastKnownFileType = sourcecode.swift; path = WeatherList.swift; sourceTree = "<group>"; };
		32A2179824FE7BA0007D3DA7 /* AddCityViewController.swift */ = {isa = PBXFileReference; lastKnownFileType = sourcecode.swift; path = AddCityViewController.swift; sourceTree = "<group>"; };
		32D3D28224F7C8E3001BC248 /* weatherForBSC.app */ = {isa = PBXFileReference; explicitFileType = wrapper.application; includeInIndex = 0; path = weatherForBSC.app; sourceTree = BUILT_PRODUCTS_DIR; };
		32D3D28524F7C8E3001BC248 /* AppDelegate.swift */ = {isa = PBXFileReference; lastKnownFileType = sourcecode.swift; path = AppDelegate.swift; sourceTree = "<group>"; };
		32D3D28724F7C8E3001BC248 /* SceneDelegate.swift */ = {isa = PBXFileReference; lastKnownFileType = sourcecode.swift; path = SceneDelegate.swift; sourceTree = "<group>"; };
		32D3D28924F7C8E3001BC248 /* FirstViewController.swift */ = {isa = PBXFileReference; lastKnownFileType = sourcecode.swift; path = FirstViewController.swift; sourceTree = "<group>"; };
		32D3D28C24F7C8E3001BC248 /* Base */ = {isa = PBXFileReference; lastKnownFileType = file.storyboard; name = Base; path = Base.lproj/Main.storyboard; sourceTree = "<group>"; };
		32D3D28E24F7C8E6001BC248 /* Assets.xcassets */ = {isa = PBXFileReference; lastKnownFileType = folder.assetcatalog; path = Assets.xcassets; sourceTree = "<group>"; };
		32D3D29124F7C8E6001BC248 /* Base */ = {isa = PBXFileReference; lastKnownFileType = file.storyboard; name = Base; path = Base.lproj/LaunchScreen.storyboard; sourceTree = "<group>"; };
		32D3D29324F7C8E6001BC248 /* Info.plist */ = {isa = PBXFileReference; lastKnownFileType = text.plist.xml; path = Info.plist; sourceTree = "<group>"; };
		32D3D29924F7D887001BC248 /* OpenWeatherMapRequestCreator.swift */ = {isa = PBXFileReference; lastKnownFileType = sourcecode.swift; path = OpenWeatherMapRequestCreator.swift; sourceTree = "<group>"; };
		32D3D29B24F7F840001BC248 /* OpenWeatherMap.swift */ = {isa = PBXFileReference; lastKnownFileType = sourcecode.swift; path = OpenWeatherMap.swift; sourceTree = "<group>"; };
		32D3D29F24F7F99B001BC248 /* WeatherProvider.swift */ = {isa = PBXFileReference; lastKnownFileType = sourcecode.swift; path = WeatherProvider.swift; sourceTree = "<group>"; };
/* End PBXFileReference section */

/* Begin PBXFrameworksBuildPhase section */
		32D3D27F24F7C8E3001BC248 /* Frameworks */ = {
			isa = PBXFrameworksBuildPhase;
			buildActionMask = 2147483647;
			files = (
			);
			runOnlyForDeploymentPostprocessing = 0;
		};
/* End PBXFrameworksBuildPhase section */

/* Begin PBXGroup section */
		32153F9124FAC01D0051D978 /* WeatherView */ = {
			isa = PBXGroup;
			children = (
				327804E924FAB37400594DA8 /* WeatherView.swift */,
				327804E724FAB28000594DA8 /* WeatherView.xib */,
			);
			path = WeatherView;
			sourceTree = "<group>";
		};
		32153F9224FAC14A0051D978 /* ViewControllelrs */ = {
			isa = PBXGroup;
			children = (
				32A2179724FE7B80007D3DA7 /* AddCityViewController */,
				325DF2FE24FD05C50010C6B2 /* ConfigViewController */,
				325DF2FD24FD05AB0010C6B2 /* FirstViewController */,
			);
			path = ViewControllelrs;
			sourceTree = "<group>";
		};
		325DF2F724FBC8FC0010C6B2 /* NoCityView */ = {
			isa = PBXGroup;
			children = (
				325DF2F824FBC91E0010C6B2 /* NoCityView.swift */,
				325DF2FA24FBC94D0010C6B2 /* NoCityView.xib */,
			);
			path = NoCityView;
			sourceTree = "<group>";
		};
		325DF2FD24FD05AB0010C6B2 /* FirstViewController */ = {
			isa = PBXGroup;
			children = (
				32D3D28924F7C8E3001BC248 /* FirstViewController.swift */,
				325DF2F724FBC8FC0010C6B2 /* NoCityView */,
				32153F9124FAC01D0051D978 /* WeatherView */,
			);
			path = FirstViewController;
			sourceTree = "<group>";
		};
		325DF2FE24FD05C50010C6B2 /* ConfigViewController */ = {
			isa = PBXGroup;
			children = (
				325DF2FF24FD05E90010C6B2 /* ConfigViewController.swift */,
				32A2178824FD0DD8007D3DA7 /* TableViewCells */,
			);
			path = ConfigViewController;
			sourceTree = "<group>";
		};
		327804DF24F9268C00594DA8 /* JSONStructs */ = {
			isa = PBXGroup;
			children = (
				327804E024F926AA00594DA8 /* OWMWeather.swift */,
			);
			path = JSONStructs;
			sourceTree = "<group>";
		};
		327804E624FA80C300594DA8 /* WeatherNetworker */ = {
			isa = PBXGroup;
			children = (
				327804E424FA755500594DA8 /* WeatherNetworker.swift */,
				327804DD24F9153900594DA8 /* WeatherNetworkerDelegate.swift */,
			);
			path = WeatherNetworker;
			sourceTree = "<group>";
		};
		32A2178824FD0DD8007D3DA7 /* TableViewCells */ = {
			isa = PBXGroup;
			children = (
				32A2178924FD0E05007D3DA7 /* CityTableViewCell.swift */,
				32A2178B24FD0E17007D3DA7 /* CityTableViewCell.xib */,
			);
			path = TableViewCells;
			sourceTree = "<group>";
		};
		32A2178D24FD1422007D3DA7 /* Model */ = {
			isa = PBXGroup;
			children = (
				32A2179124FD1BA8007D3DA7 /* WeatherList.swift */,
				32A2178F24FD1439007D3DA7 /* Weather.swift */,
			);
			path = Model;
			sourceTree = "<group>";
		};
		32A2179724FE7B80007D3DA7 /* AddCityViewController */ = {
			isa = PBXGroup;
			children = (
				32A2179824FE7BA0007D3DA7 /* AddCityViewController.swift */,
			);
			path = AddCityViewController;
			sourceTree = "<group>";
		};
		32D3D27924F7C8E3001BC248 = {
			isa = PBXGroup;
			children = (
				32D3D28424F7C8E3001BC248 /* weatherForBSC */,
				32D3D28324F7C8E3001BC248 /* Products */,
			);
			sourceTree = "<group>";
		};
		32D3D28324F7C8E3001BC248 /* Products */ = {
			isa = PBXGroup;
			children = (
				32D3D28224F7C8E3001BC248 /* weatherForBSC.app */,
			);
			name = Products;
			sourceTree = "<group>";
		};
		32D3D28424F7C8E3001BC248 /* weatherForBSC */ = {
			isa = PBXGroup;
			children = (
				32A2178D24FD1422007D3DA7 /* Model */,
				32153F9224FAC14A0051D978 /* ViewControllelrs */,
				327804E624FA80C300594DA8 /* WeatherNetworker */,
				32D3D29E24F7F982001BC248 /* WeatherProvider */,
				32D3D28524F7C8E3001BC248 /* AppDelegate.swift */,
				32D3D28B24F7C8E3001BC248 /* Main.storyboard */,
				32D3D28E24F7C8E6001BC248 /* Assets.xcassets */,
				32D3D28724F7C8E3001BC248 /* SceneDelegate.swift */,
				32D3D29024F7C8E6001BC248 /* LaunchScreen.storyboard */,
				32D3D29324F7C8E6001BC248 /* Info.plist */,
			);
			path = weatherForBSC;
			sourceTree = "<group>";
		};
		32D3D29D24F7F95D001BC248 /* OpenWeatherMap */ = {
			isa = PBXGroup;
			children = (
				327804DF24F9268C00594DA8 /* JSONStructs */,
				32D3D29B24F7F840001BC248 /* OpenWeatherMap.swift */,
				32D3D29924F7D887001BC248 /* OpenWeatherMapRequestCreator.swift */,
			);
			path = OpenWeatherMap;
			sourceTree = "<group>";
		};
		32D3D29E24F7F982001BC248 /* WeatherProvider */ = {
			isa = PBXGroup;
			children = (
				32D3D29F24F7F99B001BC248 /* WeatherProvider.swift */,
				32D3D29D24F7F95D001BC248 /* OpenWeatherMap */,
			);
			path = WeatherProvider;
			sourceTree = "<group>";
		};
/* End PBXGroup section */

/* Begin PBXNativeTarget section */
		32D3D28124F7C8E3001BC248 /* weatherForBSC */ = {
			isa = PBXNativeTarget;
			buildConfigurationList = 32D3D29624F7C8E6001BC248 /* Build configuration list for PBXNativeTarget "weatherForBSC" */;
			buildPhases = (
				32D3D27E24F7C8E3001BC248 /* Sources */,
				32D3D27F24F7C8E3001BC248 /* Frameworks */,
				32D3D28024F7C8E3001BC248 /* Resources */,
			);
			buildRules = (
			);
			dependencies = (
			);
			name = weatherForBSC;
			productName = weatherForBSC;
			productReference = 32D3D28224F7C8E3001BC248 /* weatherForBSC.app */;
			productType = "com.apple.product-type.application";
		};
/* End PBXNativeTarget section */

/* Begin PBXProject section */
		32D3D27A24F7C8E3001BC248 /* Project object */ = {
			isa = PBXProject;
			attributes = {
				LastSwiftUpdateCheck = 1160;
				LastUpgradeCheck = 1160;
				ORGANIZATIONNAME = "Dima Zareckiy";
				TargetAttributes = {
					32D3D28124F7C8E3001BC248 = {
						CreatedOnToolsVersion = 11.6;
					};
				};
			};
			buildConfigurationList = 32D3D27D24F7C8E3001BC248 /* Build configuration list for PBXProject "weatherForBSC" */;
			compatibilityVersion = "Xcode 9.3";
			developmentRegion = en;
			hasScannedForEncodings = 0;
			knownRegions = (
				en,
				Base,
			);
			mainGroup = 32D3D27924F7C8E3001BC248;
			productRefGroup = 32D3D28324F7C8E3001BC248 /* Products */;
			projectDirPath = "";
			projectRoot = "";
			targets = (
				32D3D28124F7C8E3001BC248 /* weatherForBSC */,
			);
		};
/* End PBXProject section */

/* Begin PBXResourcesBuildPhase section */
		32D3D28024F7C8E3001BC248 /* Resources */ = {
			isa = PBXResourcesBuildPhase;
			buildActionMask = 2147483647;
			files = (
				32D3D29224F7C8E6001BC248 /* LaunchScreen.storyboard in Resources */,
				32D3D28F24F7C8E6001BC248 /* Assets.xcassets in Resources */,
				32D3D28D24F7C8E3001BC248 /* Main.storyboard in Resources */,
				327804E824FAB28000594DA8 /* WeatherView.xib in Resources */,
				32A2178C24FD0E17007D3DA7 /* CityTableViewCell.xib in Resources */,
				325DF2FB24FBC94D0010C6B2 /* NoCityView.xib in Resources */,
			);
			runOnlyForDeploymentPostprocessing = 0;
		};
/* End PBXResourcesBuildPhase section */

/* Begin PBXSourcesBuildPhase section */
		32D3D27E24F7C8E3001BC248 /* Sources */ = {
			isa = PBXSourcesBuildPhase;
			buildActionMask = 2147483647;
			files = (
				32A2179224FD1BA8007D3DA7 /* WeatherList.swift in Sources */,
				325DF2F924FBC91E0010C6B2 /* NoCityView.swift in Sources */,
				327804EA24FAB37400594DA8 /* WeatherView.swift in Sources */,
				32D3D29C24F7F840001BC248 /* OpenWeatherMap.swift in Sources */,
				32D3D2A024F7F99B001BC248 /* WeatherProvider.swift in Sources */,
				32A2179024FD1439007D3DA7 /* Weather.swift in Sources */,
				32D3D29A24F7D887001BC248 /* OpenWeatherMapRequestCreator.swift in Sources */,
				32A2179924FE7BA0007D3DA7 /* AddCityViewController.swift in Sources */,
				325DF30024FD05E90010C6B2 /* ConfigViewController.swift in Sources */,
				327804E124F926AA00594DA8 /* OWMWeather.swift in Sources */,
				327804E524FA755500594DA8 /* WeatherNetworker.swift in Sources */,
				32A2178A24FD0E05007D3DA7 /* CityTableViewCell.swift in Sources */,
				32D3D28A24F7C8E3001BC248 /* FirstViewController.swift in Sources */,
				32D3D28624F7C8E3001BC248 /* AppDelegate.swift in Sources */,
				327804DE24F9153900594DA8 /* WeatherNetworkerDelegate.swift in Sources */,
				32D3D28824F7C8E3001BC248 /* SceneDelegate.swift in Sources */,
			);
			runOnlyForDeploymentPostprocessing = 0;
		};
/* End PBXSourcesBuildPhase section */

/* Begin PBXVariantGroup section */
		32D3D28B24F7C8E3001BC248 /* Main.storyboard */ = {
			isa = PBXVariantGroup;
			children = (
				32D3D28C24F7C8E3001BC248 /* Base */,
			);
			name = Main.storyboard;
			sourceTree = "<group>";
		};
		32D3D29024F7C8E6001BC248 /* LaunchScreen.storyboard */ = {
			isa = PBXVariantGroup;
			children = (
				32D3D29124F7C8E6001BC248 /* Base */,
			);
			name = LaunchScreen.storyboard;
			sourceTree = "<group>";
		};
/* End PBXVariantGroup section */

/* Begin XCBuildConfiguration section */
		32D3D29424F7C8E6001BC248 /* Debug */ = {
			isa = XCBuildConfiguration;
			buildSettings = {
				ALWAYS_SEARCH_USER_PATHS = NO;
				CLANG_ANALYZER_NONNULL = YES;
				CLANG_ANALYZER_NUMBER_OBJECT_CONVERSION = YES_AGGRESSIVE;
				CLANG_CXX_LANGUAGE_STANDARD = "gnu++14";
				CLANG_CXX_LIBRARY = "libc++";
				CLANG_ENABLE_MODULES = YES;
				CLANG_ENABLE_OBJC_ARC = YES;
				CLANG_ENABLE_OBJC_WEAK = YES;
				CLANG_WARN_BLOCK_CAPTURE_AUTORELEASING = YES;
				CLANG_WARN_BOOL_CONVERSION = YES;
				CLANG_WARN_COMMA = YES;
				CLANG_WARN_CONSTANT_CONVERSION = YES;
				CLANG_WARN_DEPRECATED_OBJC_IMPLEMENTATIONS = YES;
				CLANG_WARN_DIRECT_OBJC_ISA_USAGE = YES_ERROR;
				CLANG_WARN_DOCUMENTATION_COMMENTS = YES;
				CLANG_WARN_EMPTY_BODY = YES;
				CLANG_WARN_ENUM_CONVERSION = YES;
				CLANG_WARN_INFINITE_RECURSION = YES;
				CLANG_WARN_INT_CONVERSION = YES;
				CLANG_WARN_NON_LITERAL_NULL_CONVERSION = YES;
				CLANG_WARN_OBJC_IMPLICIT_RETAIN_SELF = YES;
				CLANG_WARN_OBJC_LITERAL_CONVERSION = YES;
				CLANG_WARN_OBJC_ROOT_CLASS = YES_ERROR;
				CLANG_WARN_RANGE_LOOP_ANALYSIS = YES;
				CLANG_WARN_STRICT_PROTOTYPES = YES;
				CLANG_WARN_SUSPICIOUS_MOVE = YES;
				CLANG_WARN_UNGUARDED_AVAILABILITY = YES_AGGRESSIVE;
				CLANG_WARN_UNREACHABLE_CODE = YES;
				CLANG_WARN__DUPLICATE_METHOD_MATCH = YES;
				COPY_PHASE_STRIP = NO;
				DEBUG_INFORMATION_FORMAT = dwarf;
				ENABLE_STRICT_OBJC_MSGSEND = YES;
				ENABLE_TESTABILITY = YES;
				GCC_C_LANGUAGE_STANDARD = gnu11;
				GCC_DYNAMIC_NO_PIC = NO;
				GCC_NO_COMMON_BLOCKS = YES;
				GCC_OPTIMIZATION_LEVEL = 0;
				GCC_PREPROCESSOR_DEFINITIONS = (
					"DEBUG=1",
					"$(inherited)",
				);
				GCC_WARN_64_TO_32_BIT_CONVERSION = YES;
				GCC_WARN_ABOUT_RETURN_TYPE = YES_ERROR;
				GCC_WARN_UNDECLARED_SELECTOR = YES;
				GCC_WARN_UNINITIALIZED_AUTOS = YES_AGGRESSIVE;
				GCC_WARN_UNUSED_FUNCTION = YES;
				GCC_WARN_UNUSED_VARIABLE = YES;
				IPHONEOS_DEPLOYMENT_TARGET = 13.6;
				MTL_ENABLE_DEBUG_INFO = INCLUDE_SOURCE;
				MTL_FAST_MATH = YES;
				ONLY_ACTIVE_ARCH = YES;
				SDKROOT = iphoneos;
				SWIFT_ACTIVE_COMPILATION_CONDITIONS = DEBUG;
				SWIFT_OPTIMIZATION_LEVEL = "-Onone";
			};
			name = Debug;
		};
		32D3D29524F7C8E6001BC248 /* Release */ = {
			isa = XCBuildConfiguration;
			buildSettings = {
				ALWAYS_SEARCH_USER_PATHS = NO;
				CLANG_ANALYZER_NONNULL = YES;
				CLANG_ANALYZER_NUMBER_OBJECT_CONVERSION = YES_AGGRESSIVE;
				CLANG_CXX_LANGUAGE_STANDARD = "gnu++14";
				CLANG_CXX_LIBRARY = "libc++";
				CLANG_ENABLE_MODULES = YES;
				CLANG_ENABLE_OBJC_ARC = YES;
				CLANG_ENABLE_OBJC_WEAK = YES;
				CLANG_WARN_BLOCK_CAPTURE_AUTORELEASING = YES;
				CLANG_WARN_BOOL_CONVERSION = YES;
				CLANG_WARN_COMMA = YES;
				CLANG_WARN_CONSTANT_CONVERSION = YES;
				CLANG_WARN_DEPRECATED_OBJC_IMPLEMENTATIONS = YES;
				CLANG_WARN_DIRECT_OBJC_ISA_USAGE = YES_ERROR;
				CLANG_WARN_DOCUMENTATION_COMMENTS = YES;
				CLANG_WARN_EMPTY_BODY = YES;
				CLANG_WARN_ENUM_CONVERSION = YES;
				CLANG_WARN_INFINITE_RECURSION = YES;
				CLANG_WARN_INT_CONVERSION = YES;
				CLANG_WARN_NON_LITERAL_NULL_CONVERSION = YES;
				CLANG_WARN_OBJC_IMPLICIT_RETAIN_SELF = YES;
				CLANG_WARN_OBJC_LITERAL_CONVERSION = YES;
				CLANG_WARN_OBJC_ROOT_CLASS = YES_ERROR;
				CLANG_WARN_RANGE_LOOP_ANALYSIS = YES;
				CLANG_WARN_STRICT_PROTOTYPES = YES;
				CLANG_WARN_SUSPICIOUS_MOVE = YES;
				CLANG_WARN_UNGUARDED_AVAILABILITY = YES_AGGRESSIVE;
				CLANG_WARN_UNREACHABLE_CODE = YES;
				CLANG_WARN__DUPLICATE_METHOD_MATCH = YES;
				COPY_PHASE_STRIP = NO;
				DEBUG_INFORMATION_FORMAT = "dwarf-with-dsym";
				ENABLE_NS_ASSERTIONS = NO;
				ENABLE_STRICT_OBJC_MSGSEND = YES;
				GCC_C_LANGUAGE_STANDARD = gnu11;
				GCC_NO_COMMON_BLOCKS = YES;
				GCC_WARN_64_TO_32_BIT_CONVERSION = YES;
				GCC_WARN_ABOUT_RETURN_TYPE = YES_ERROR;
				GCC_WARN_UNDECLARED_SELECTOR = YES;
				GCC_WARN_UNINITIALIZED_AUTOS = YES_AGGRESSIVE;
				GCC_WARN_UNUSED_FUNCTION = YES;
				GCC_WARN_UNUSED_VARIABLE = YES;
				IPHONEOS_DEPLOYMENT_TARGET = 13.6;
				MTL_ENABLE_DEBUG_INFO = NO;
				MTL_FAST_MATH = YES;
				SDKROOT = iphoneos;
				SWIFT_COMPILATION_MODE = wholemodule;
				SWIFT_OPTIMIZATION_LEVEL = "-O";
				VALIDATE_PRODUCT = YES;
			};
			name = Release;
		};
		32D3D29724F7C8E6001BC248 /* Debug */ = {
			isa = XCBuildConfiguration;
			buildSettings = {
				ASSETCATALOG_COMPILER_APPICON_NAME = AppIcon;
				CODE_SIGN_STYLE = Automatic;
				INFOPLIST_FILE = weatherForBSC/Info.plist;
				LD_RUNPATH_SEARCH_PATHS = (
					"$(inherited)",
					"@executable_path/Frameworks",
				);
				PRODUCT_BUNDLE_IDENTIFIER = home.weatherForBSC;
				PRODUCT_NAME = "$(TARGET_NAME)";
				SWIFT_VERSION = 5.0;
				TARGETED_DEVICE_FAMILY = "1,2";
			};
			name = Debug;
		};
		32D3D29824F7C8E6001BC248 /* Release */ = {
			isa = XCBuildConfiguration;
			buildSettings = {
				ASSETCATALOG_COMPILER_APPICON_NAME = AppIcon;
				CODE_SIGN_STYLE = Automatic;
				INFOPLIST_FILE = weatherForBSC/Info.plist;
				LD_RUNPATH_SEARCH_PATHS = (
					"$(inherited)",
					"@executable_path/Frameworks",
				);
				PRODUCT_BUNDLE_IDENTIFIER = home.weatherForBSC;
				PRODUCT_NAME = "$(TARGET_NAME)";
				SWIFT_VERSION = 5.0;
				TARGETED_DEVICE_FAMILY = "1,2";
			};
			name = Release;
		};
/* End XCBuildConfiguration section */

/* Begin XCConfigurationList section */
		32D3D27D24F7C8E3001BC248 /* Build configuration list for PBXProject "weatherForBSC" */ = {
			isa = XCConfigurationList;
			buildConfigurations = (
				32D3D29424F7C8E6001BC248 /* Debug */,
				32D3D29524F7C8E6001BC248 /* Release */,
			);
			defaultConfigurationIsVisible = 0;
			defaultConfigurationName = Release;
		};
		32D3D29624F7C8E6001BC248 /* Build configuration list for PBXNativeTarget "weatherForBSC" */ = {
			isa = XCConfigurationList;
			buildConfigurations = (
				32D3D29724F7C8E6001BC248 /* Debug */,
				32D3D29824F7C8E6001BC248 /* Release */,
			);
			defaultConfigurationIsVisible = 0;
			defaultConfigurationName = Release;
		};
/* End XCConfigurationList section */
	};
	rootObject = 32D3D27A24F7C8E3001BC248 /* Project object */;
}
